
Microsoft Visual Studio Solution File, Format Version 12.00
# Visual Studio Version 17
VisualStudioVersion = 17.3.32811.315
MinimumVisualStudioVersion = 10.0.40219.1
Project("{FAE04EC0-301F-11D3-BF4B-00C04F79EFBC}") = "DontSleep", "DontSleep.csproj", "{B5722EC7-B448-4FA5-81A8-DF336DE593BB}"
EndProject
Global
	GlobalSection(SolutionConfigurationPlatforms) = preSolution
		Debug|Any CPU = Debug|Any CPU
		Release|Any CPU = Release|Any CPU
	EndGlobalSection
	GlobalSection(ProjectConfigurationPlatforms) = postSolution
		{B5722EC7-B448-4FA5-81A8-DF336DE593BB}.Debug|Any CPU.ActiveCfg = Debug|Any CPU
		{B5722EC7-B448-4FA5-81A8-DF336DE593BB}.Debug|Any CPU.Build.0 = Debug|Any CPU
		{B5722EC7-B448-4FA5-81A8-DF336DE593BB}.Release|Any CPU.ActiveCfg = Release|Any CPU
		{B5722EC7-B448-4FA5-81A8-DF336DE593BB}.Release|Any CPU.Build.0 = Release|Any CPU
	EndGlobalSection
	GlobalSection(SolutionProperties) = preSolution
		HideSolutionNode = FALSE
	EndGlobalSection
	GlobalSection(ExtensibilityGlobals) = postSolution
		SolutionGuid = {21EFC601-2950-4E76-9A7D-B0E943887AF2}
	EndGlobalSection
EndGlobal
